
Microsoft Visual Studio Solution File, Format Version 12.00
# Visual Studio Version 16
VisualStudioVersion = 16.0.810.25
MinimumVisualStudioVersion = 10.0.40219.1
Project("{FAE04EC0-301F-11D3-BF4B-00C04F79EFBC}") = "MarvelSearch.iOS", "MarvelSearch.iOS\MarvelSearch.iOS.csproj", "{68A465FF-5330-4029-9B85-CBF735BE06C0}"
EndProject
Project("{FAE04EC0-301F-11D3-BF4B-00C04F79EFBC}") = "MarvelSearch.Droid", "MarvelSearch.Droid\MarvelSearch.Droid.csproj", "{DF497E2A-782F-48BA-84DF-10B3033CDABA}"
EndProject
Project("{FAE04EC0-301F-11D3-BF4B-00C04F79EFBC}") = "MarvelSearch.Core", "MarvelSearch.Core\MarvelSearch.Core.csproj", "{DF20EE89-D33D-489D-8D9E-01380F0C45A3}"
EndProject
Global
	GlobalSection(SolutionConfigurationPlatforms) = preSolution
		Debug|iPhoneSimulator = Debug|iPhoneSimulator
		Release|iPhoneSimulator = Release|iPhoneSimulator
		Debug|iPhone = Debug|iPhone
		Release|iPhone = Release|iPhone
	EndGlobalSection
	GlobalSection(ProjectConfigurationPlatforms) = postSolution
		{68A465FF-5330-4029-9B85-CBF735BE06C0}.Debug|iPhoneSimulator.ActiveCfg = Debug|iPhoneSimulator
		{68A465FF-5330-4029-9B85-CBF735BE06C0}.Debug|iPhoneSimulator.Build.0 = Debug|iPhoneSimulator
		{68A465FF-5330-4029-9B85-CBF735BE06C0}.Release|iPhoneSimulator.ActiveCfg = Release|iPhoneSimulator
		{68A465FF-5330-4029-9B85-CBF735BE06C0}.Release|iPhoneSimulator.Build.0 = Release|iPhoneSimulator
		{68A465FF-5330-4029-9B85-CBF735BE06C0}.Debug|iPhone.ActiveCfg = Debug|iPhone
		{68A465FF-5330-4029-9B85-CBF735BE06C0}.Debug|iPhone.Build.0 = Debug|iPhone
		{68A465FF-5330-4029-9B85-CBF735BE06C0}.Release|iPhone.ActiveCfg = Release|iPhone
		{68A465FF-5330-4029-9B85-CBF735BE06C0}.Release|iPhone.Build.0 = Release|iPhone
		{DF497E2A-782F-48BA-84DF-10B3033CDABA}.Debug|iPhoneSimulator.ActiveCfg = Debug|Any CPU
		{DF497E2A-782F-48BA-84DF-10B3033CDABA}.Debug|iPhoneSimulator.Build.0 = Debug|Any CPU
		{DF497E2A-782F-48BA-84DF-10B3033CDABA}.Release|iPhoneSimulator.ActiveCfg = Release|Any CPU
		{DF497E2A-782F-48BA-84DF-10B3033CDABA}.Release|iPhoneSimulator.Build.0 = Release|Any CPU
		{DF497E2A-782F-48BA-84DF-10B3033CDABA}.Debug|iPhone.ActiveCfg = Debug|Any CPU
		{DF497E2A-782F-48BA-84DF-10B3033CDABA}.Debug|iPhone.Build.0 = Debug|Any CPU
		{DF497E2A-782F-48BA-84DF-10B3033CDABA}.Release|iPhone.ActiveCfg = Release|Any CPU
		{DF497E2A-782F-48BA-84DF-10B3033CDABA}.Release|iPhone.Build.0 = Release|Any CPU
		{DF20EE89-D33D-489D-8D9E-01380F0C45A3}.Debug|iPhoneSimulator.ActiveCfg = Debug|Any CPU
		{DF20EE89-D33D-489D-8D9E-01380F0C45A3}.Debug|iPhoneSimulator.Build.0 = Debug|Any CPU
		{DF20EE89-D33D-489D-8D9E-01380F0C45A3}.Release|iPhoneSimulator.ActiveCfg = Release|Any CPU
		{DF20EE89-D33D-489D-8D9E-01380F0C45A3}.Release|iPhoneSimulator.Build.0 = Release|Any CPU
		{DF20EE89-D33D-489D-8D9E-01380F0C45A3}.Debug|iPhone.ActiveCfg = Debug|Any CPU
		{DF20EE89-D33D-489D-8D9E-01380F0C45A3}.Debug|iPhone.Build.0 = Debug|Any CPU
		{DF20EE89-D33D-489D-8D9E-01380F0C45A3}.Release|iPhone.ActiveCfg = Release|Any CPU
		{DF20EE89-D33D-489D-8D9E-01380F0C45A3}.Release|iPhone.Build.0 = Release|Any CPU
	EndGlobalSection
	GlobalSection(SolutionProperties) = preSolution
		HideSolutionNode = FALSE
	EndGlobalSection
	GlobalSection(ExtensibilityGlobals) = postSolution
		SolutionGuid = {A8C55F0F-F018-4332-B68B-5268BB54F1B8}
	EndGlobalSection
EndGlobal
